PODS:
  - NotinoAssets (1.0.0)

DEPENDENCIES:
  - NotinoAssets (from `https://github.com/RomanPodymov/notino-assignment.git`, branch `cocoapods`)

EXTERNAL SOURCES:
  NotinoAssets:
    :branch: cocoapods
    :git: https://github.com/RomanPodymov/notino-assignment.git

CHECKOUT OPTIONS:
  NotinoAssets:
    :commit: b72d8d5bff269ab37611b41cc8ac1b68c55ff5b1
    :git: https://github.com/RomanPodymov/notino-assignment.git

SPEC CHECKSUMS:
  NotinoAssets: 484ac4845cc9ce6ece74bc2f8951a3d902ce7f89

PODFILE CHECKSUM: 107c62617adb1fa89b0397f1ddd9bd3baf768918

COCOAPODS: 1.13.0
